
Microsoft Visual Studio Solution File, Format Version 12.00
# Visual Studio Version 16
VisualStudioVersion = 16.0.32002.261
MinimumVisualStudioVersion = 10.0.40219.1
Project("{FAE04EC0-301F-11D3-BF4B-00C04F79EFBC}") = "Nasa.Images", "Nasa.Images\Nasa.Images.csproj", "{24E5CC6E-933B-4D4B-A0FC-5768D35695ED}"
EndProject
Global
	GlobalSection(SolutionConfigurationPlatforms) = preSolution
		Debug|Any CPU = Debug|Any CPU
		Release|Any CPU = Release|Any CPU
	EndGlobalSection
	GlobalSection(ProjectConfigurationPlatforms) = postSolution
		{24E5CC6E-933B-4D4B-A0FC-5768D35695ED}.Debug|Any CPU.ActiveCfg = Debug|Any CPU
		{24E5CC6E-933B-4D4B-A0FC-5768D35695ED}.Debug|Any CPU.Build.0 = Debug|Any CPU
		{24E5CC6E-933B-4D4B-A0FC-5768D35695ED}.Release|Any CPU.ActiveCfg = Release|Any CPU
		{24E5CC6E-933B-4D4B-A0FC-5768D35695ED}.Release|Any CPU.Build.0 = Release|Any CPU
	EndGlobalSection
	GlobalSection(SolutionProperties) = preSolution
		HideSolutionNode = FALSE
	EndGlobalSection
	GlobalSection(ExtensibilityGlobals) = postSolution
		SolutionGuid = {48128485-FC0E-4DC6-9D0C-552747AB5018}
	EndGlobalSection
EndGlobal
